
Microsoft Visual Studio Solution File, Format Version 11.00
# Visual Studio 2010
Project("{FAE04EC0-301F-11D3-BF4B-00C04F79EFBC}") = "Greg.Estetica", "Greg.Estetica\Greg.Estetica.csproj", "{72DD0453-C982-49E9-B8CC-72EB7274688B}"
EndProject
Project("{FAE04EC0-301F-11D3-BF4B-00C04F79EFBC}") = "Greg.Estetica.Core", "Greg.Estetica.Core\Greg.Estetica.Core.csproj", "{DFA82311-C6B3-4AF9-9F40-5B97FC8330F7}"
EndProject
Project("{FAE04EC0-301F-11D3-BF4B-00C04F79EFBC}") = "Greg.Estetica.Test", "Greg.Estetica.Test\Greg.Estetica.Test.csproj", "{2CC4BC4D-4243-4C59-A6F5-E43141F83924}"
EndProject
Project("{FAE04EC0-301F-11D3-BF4B-00C04F79EFBC}") = "Greg.Estetica.Core.Test", "Greg.Estetica.Core.Test\Greg.Estetica.Core.Test.csproj", "{69D4B9AA-C022-451A-9217-5F97B4BA7F39}"
EndProject
Global
	GlobalSection(SolutionConfigurationPlatforms) = preSolution
		Debug|Any CPU = Debug|Any CPU
		Release|Any CPU = Release|Any CPU
	EndGlobalSection
	GlobalSection(ProjectConfigurationPlatforms) = postSolution
		{72DD0453-C982-49E9-B8CC-72EB7274688B}.Debug|Any CPU.ActiveCfg = Debug|Any CPU
		{72DD0453-C982-49E9-B8CC-72EB7274688B}.Debug|Any CPU.Build.0 = Debug|Any CPU
		{72DD0453-C982-49E9-B8CC-72EB7274688B}.Release|Any CPU.ActiveCfg = Release|Any CPU
		{72DD0453-C982-49E9-B8CC-72EB7274688B}.Release|Any CPU.Build.0 = Release|Any CPU
		{DFA82311-C6B3-4AF9-9F40-5B97FC8330F7}.Debug|Any CPU.ActiveCfg = Debug|Any CPU
		{DFA82311-C6B3-4AF9-9F40-5B97FC8330F7}.Debug|Any CPU.Build.0 = Debug|Any CPU
		{DFA82311-C6B3-4AF9-9F40-5B97FC8330F7}.Release|Any CPU.ActiveCfg = Release|Any CPU
		{DFA82311-C6B3-4AF9-9F40-5B97FC8330F7}.Release|Any CPU.Build.0 = Release|Any CPU
		{2CC4BC4D-4243-4C59-A6F5-E43141F83924}.Debug|Any CPU.ActiveCfg = Debug|Any CPU
		{2CC4BC4D-4243-4C59-A6F5-E43141F83924}.Debug|Any CPU.Build.0 = Debug|Any CPU
		{2CC4BC4D-4243-4C59-A6F5-E43141F83924}.Release|Any CPU.ActiveCfg = Release|Any CPU
		{2CC4BC4D-4243-4C59-A6F5-E43141F83924}.Release|Any CPU.Build.0 = Release|Any CPU
		{69D4B9AA-C022-451A-9217-5F97B4BA7F39}.Debug|Any CPU.ActiveCfg = Debug|Any CPU
		{69D4B9AA-C022-451A-9217-5F97B4BA7F39}.Debug|Any CPU.Build.0 = Debug|Any CPU
		{69D4B9AA-C022-451A-9217-5F97B4BA7F39}.Release|Any CPU.ActiveCfg = Release|Any CPU
		{69D4B9AA-C022-451A-9217-5F97B4BA7F39}.Release|Any CPU.Build.0 = Release|Any CPU
	EndGlobalSection
	GlobalSection(SolutionProperties) = preSolution
		HideSolutionNode = FALSE
	EndGlobalSection
EndGlobal
